
Microsoft Visual Studio Solution File, Format Version 12.00
# Visual Studio Version 17
VisualStudioVersion = 17.8.34511.84
MinimumVisualStudioVersion = 10.0.40219.1
Project("{FAE04EC0-301F-11D3-BF4B-00C04F79EFBC}") = "PigDB_API", "PigDB_API.csproj", "{F8A0E50D-1BB5-4ADA-9341-2C18AEDF2387}"
EndProject
Global
	GlobalSection(SolutionConfigurationPlatforms) = preSolution
		Debug|Any CPU = Debug|Any CPU
		Release|Any CPU = Release|Any CPU
	EndGlobalSection
	GlobalSection(ProjectConfigurationPlatforms) = postSolution
		{F8A0E50D-1BB5-4ADA-9341-2C18AEDF2387}.Debug|Any CPU.ActiveCfg = Debug|Any CPU
		{F8A0E50D-1BB5-4ADA-9341-2C18AEDF2387}.Debug|Any CPU.Build.0 = Debug|Any CPU
		{F8A0E50D-1BB5-4ADA-9341-2C18AEDF2387}.Release|Any CPU.ActiveCfg = Release|Any CPU
		{F8A0E50D-1BB5-4ADA-9341-2C18AEDF2387}.Release|Any CPU.Build.0 = Release|Any CPU
	EndGlobalSection
	GlobalSection(SolutionProperties) = preSolution
		HideSolutionNode = FALSE
	EndGlobalSection
	GlobalSection(ExtensibilityGlobals) = postSolution
		SolutionGuid = {1AC50692-C91D-41CE-8551-B2A11B966B29}
	EndGlobalSection
EndGlobal
